
Microsoft Visual Studio Solution File, Format Version 12.00
# Visual Studio Version 17
VisualStudioVersion = 17.0.31903.59
MinimumVisualStudioVersion = 10.0.40219.1
Project("{2150E333-8FDC-42A3-9474-1A3956D46DE8}") = "src", "src", "{827E0CD3-B72D-47B6-A68D-7590B98EB39B}"
EndProject
Project("{FAE04EC0-301F-11D3-BF4B-00C04F79EFBC}") = "Andy.Agentic", "src\Andy.Agentic\Andy.Agentic.csproj", "{EAEB2367-A496-4920-9A30-195723F0AF24}"
EndProject
Project("{2150E333-8FDC-42A3-9474-1A3956D46DE8}") = "tests", "tests", "{0AB3BF05-4346-4AA6-1389-037BE0695223}"
EndProject
Project("{FAE04EC0-301F-11D3-BF4B-00C04F79EFBC}") = "Andy.Agentic.Tests", "tests\Andy.Agentic.Tests\Andy.Agentic.Tests.csproj", "{3FF51DD8-A906-4BB7-8F84-01CB17022E50}"
EndProject
Project("{FAE04EC0-301F-11D3-BF4B-00C04F79EFBC}") = "Andy.Agentic.Domain", "src\Andy.Agentic.Domain\Andy.Agentic.Domain.csproj", "{2BA19161-8A5C-4D70-95C9-AB36365A0C25}"
EndProject
Project("{FAE04EC0-301F-11D3-BF4B-00C04F79EFBC}") = "Andy.Agentic.Application", "src\Andy.Agentic.Application\Andy.Agentic.Application.csproj", "{EA8E1AE7-5C1C-435D-A224-8F0360219967}"
EndProject
Project("{FAE04EC0-301F-11D3-BF4B-00C04F79EFBC}") = "Andy.Agentic.Infrastructure", "src\Andy.Agentic.Infrastructure\Andy.Agentic.Infrastructure.csproj", "{7AD6BCC4-FBC9-4BBB-B844-31DB31C13F82}"
EndProject
Project("{FAE04EC0-301F-11D3-BF4B-00C04F79EFBC}") = "Andy.Agentic.Domain.Tests", "tests\Andy.Agentic.Domain.Tests\Andy.Agentic.Domain.Tests.csproj", "{E5360071-3904-4F35-9961-9EB1D556BA54}"
EndProject
Project("{FAE04EC0-301F-11D3-BF4B-00C04F79EFBC}") = "Andy.Agentic.Application.Tests", "tests\Andy.Agentic.Application.Tests\Andy.Agentic.Application.Tests.csproj", "{6C6CEDE8-B08B-4A62-9298-C6C5B5F07110}"
EndProject
Project("{FAE04EC0-301F-11D3-BF4B-00C04F79EFBC}") = "Andy.Agentic.Infrastructure.Tests", "tests\Andy.Agentic.Infrastructure.Tests\Andy.Agentic.Infrastructure.Tests.csproj", "{22C23189-9B73-45DE-9D3F-5AC5670E19D0}"
EndProject
Global
	GlobalSection(SolutionConfigurationPlatforms) = preSolution
		Debug|Any CPU = Debug|Any CPU
		Debug|x64 = Debug|x64
		Debug|x86 = Debug|x86
		Release|Any CPU = Release|Any CPU
		Release|x64 = Release|x64
		Release|x86 = Release|x86
	EndGlobalSection
	GlobalSection(ProjectConfigurationPlatforms) = postSolution
		{EAEB2367-A496-4920-9A30-195723F0AF24}.Debug|Any CPU.ActiveCfg = Debug|Any CPU
		{EAEB2367-A496-4920-9A30-195723F0AF24}.Debug|Any CPU.Build.0 = Debug|Any CPU
		{EAEB2367-A496-4920-9A30-195723F0AF24}.Debug|x64.ActiveCfg = Debug|Any CPU
		{EAEB2367-A496-4920-9A30-195723F0AF24}.Debug|x64.Build.0 = Debug|Any CPU
		{EAEB2367-A496-4920-9A30-195723F0AF24}.Debug|x86.ActiveCfg = Debug|Any CPU
		{EAEB2367-A496-4920-9A30-195723F0AF24}.Debug|x86.Build.0 = Debug|Any CPU
		{EAEB2367-A496-4920-9A30-195723F0AF24}.Release|Any CPU.ActiveCfg = Release|Any CPU
		{EAEB2367-A496-4920-9A30-195723F0AF24}.Release|Any CPU.Build.0 = Release|Any CPU
		{EAEB2367-A496-4920-9A30-195723F0AF24}.Release|x64.ActiveCfg = Release|Any CPU
		{EAEB2367-A496-4920-9A30-195723F0AF24}.Release|x64.Build.0 = Release|Any CPU
		{EAEB2367-A496-4920-9A30-195723F0AF24}.Release|x86.ActiveCfg = Release|Any CPU
		{EAEB2367-A496-4920-9A30-195723F0AF24}.Release|x86.Build.0 = Release|Any CPU
		{3FF51DD8-A906-4BB7-8F84-01CB17022E50}.Debug|Any CPU.ActiveCfg = Debug|Any CPU
		{3FF51DD8-A906-4BB7-8F84-01CB17022E50}.Debug|Any CPU.Build.0 = Debug|Any CPU
		{3FF51DD8-A906-4BB7-8F84-01CB17022E50}.Debug|x64.ActiveCfg = Debug|Any CPU
		{3FF51DD8-A906-4BB7-8F84-01CB17022E50}.Debug|x64.Build.0 = Debug|Any CPU
		{3FF51DD8-A906-4BB7-8F84-01CB17022E50}.Debug|x86.ActiveCfg = Debug|Any CPU
		{3FF51DD8-A906-4BB7-8F84-01CB17022E50}.Debug|x86.Build.0 = Debug|Any CPU
		{3FF51DD8-A906-4BB7-8F84-01CB17022E50}.Release|Any CPU.ActiveCfg = Release|Any CPU
		{3FF51DD8-A906-4BB7-8F84-01CB17022E50}.Release|Any CPU.Build.0 = Release|Any CPU
		{3FF51DD8-A906-4BB7-8F84-01CB17022E50}.Release|x64.ActiveCfg = Release|Any CPU
		{3FF51DD8-A906-4BB7-8F84-01CB17022E50}.Release|x64.Build.0 = Release|Any CPU
		{3FF51DD8-A906-4BB7-8F84-01CB17022E50}.Release|x86.ActiveCfg = Release|Any CPU
		{3FF51DD8-A906-4BB7-8F84-01CB17022E50}.Release|x86.Build.0 = Release|Any CPU
		{2BA19161-8A5C-4D70-95C9-AB36365A0C25}.Debug|Any CPU.ActiveCfg = Debug|Any CPU
		{2BA19161-8A5C-4D70-95C9-AB36365A0C25}.Debug|Any CPU.Build.0 = Debug|Any CPU
		{2BA19161-8A5C-4D70-95C9-AB36365A0C25}.Debug|x64.ActiveCfg = Debug|Any CPU
		{2BA19161-8A5C-4D70-95C9-AB36365A0C25}.Debug|x64.Build.0 = Debug|Any CPU
		{2BA19161-8A5C-4D70-95C9-AB36365A0C25}.Debug|x86.ActiveCfg = Debug|Any CPU
		{2BA19161-8A5C-4D70-95C9-AB36365A0C25}.Debug|x86.Build.0 = Debug|Any CPU
		{2BA19161-8A5C-4D70-95C9-AB36365A0C25}.Release|Any CPU.ActiveCfg = Release|Any CPU
		{2BA19161-8A5C-4D70-95C9-AB36365A0C25}.Release|Any CPU.Build.0 = Release|Any CPU
		{2BA19161-8A5C-4D70-95C9-AB36365A0C25}.Release|x64.ActiveCfg = Release|Any CPU
		{2BA19161-8A5C-4D70-95C9-AB36365A0C25}.Release|x64.Build.0 = Release|Any CPU
		{2BA19161-8A5C-4D70-95C9-AB36365A0C25}.Release|x86.ActiveCfg = Release|Any CPU
		{2BA19161-8A5C-4D70-95C9-AB36365A0C25}.Release|x86.Build.0 = Release|Any CPU
		{EA8E1AE7-5C1C-435D-A224-8F0360219967}.Debug|Any CPU.ActiveCfg = Debug|Any CPU
		{EA8E1AE7-5C1C-435D-A224-8F0360219967}.Debug|Any CPU.Build.0 = Debug|Any CPU
		{EA8E1AE7-5C1C-435D-A224-8F0360219967}.Debug|x64.ActiveCfg = Debug|Any CPU
		{EA8E1AE7-5C1C-435D-A224-8F0360219967}.Debug|x64.Build.0 = Debug|Any CPU
		{EA8E1AE7-5C1C-435D-A224-8F0360219967}.Debug|x86.ActiveCfg = Debug|Any CPU
		{EA8E1AE7-5C1C-435D-A224-8F0360219967}.Debug|x86.Build.0 = Debug|Any CPU
		{EA8E1AE7-5C1C-435D-A224-8F0360219967}.Release|Any CPU.ActiveCfg = Release|Any CPU
		{EA8E1AE7-5C1C-435D-A224-8F0360219967}.Release|Any CPU.Build.0 = Release|Any CPU
		{EA8E1AE7-5C1C-435D-A224-8F0360219967}.Release|x64.ActiveCfg = Release|Any CPU
		{EA8E1AE7-5C1C-435D-A224-8F0360219967}.Release|x64.Build.0 = Release|Any CPU
		{EA8E1AE7-5C1C-435D-A224-8F0360219967}.Release|x86.ActiveCfg = Release|Any CPU
		{EA8E1AE7-5C1C-435D-A224-8F0360219967}.Release|x86.Build.0 = Release|Any CPU
		{7AD6BCC4-FBC9-4BBB-B844-31DB31C13F82}.Debug|Any CPU.ActiveCfg = Debug|Any CPU
		{7AD6BCC4-FBC9-4BBB-B844-31DB31C13F82}.Debug|Any CPU.Build.0 = Debug|Any CPU
		{7AD6BCC4-FBC9-4BBB-B844-31DB31C13F82}.Debug|x64.ActiveCfg = Debug|Any CPU
		{7AD6BCC4-FBC9-4BBB-B844-31DB31C13F82}.Debug|x64.Build.0 = Debug|Any CPU
		{7AD6BCC4-FBC9-4BBB-B844-31DB31C13F82}.Debug|x86.ActiveCfg = Debug|Any CPU
		{7AD6BCC4-FBC9-4BBB-B844-31DB31C13F82}.Debug|x86.Build.0 = Debug|Any CPU
		{7AD6BCC4-FBC9-4BBB-B844-31DB31C13F82}.Release|Any CPU.ActiveCfg = Release|Any CPU
		{7AD6BCC4-FBC9-4BBB-B844-31DB31C13F82}.Release|Any CPU.Build.0 = Release|Any CPU
		{7AD6BCC4-FBC9-4BBB-B844-31DB31C13F82}.Release|x64.ActiveCfg = Release|Any CPU
		{7AD6BCC4-FBC9-4BBB-B844-31DB31C13F82}.Release|x64.Build.0 = Release|Any CPU
		{7AD6BCC4-FBC9-4BBB-B844-31DB31C13F82}.Release|x86.ActiveCfg = Release|Any CPU
		{7AD6BCC4-FBC9-4BBB-B844-31DB31C13F82}.Release|x86.Build.0 = Release|Any CPU
		{E5360071-3904-4F35-9961-9EB1D556BA54}.Debug|Any CPU.ActiveCfg = Debug|Any CPU
		{E5360071-3904-4F35-9961-9EB1D556BA54}.Debug|Any CPU.Build.0 = Debug|Any CPU
		{E5360071-3904-4F35-9961-9EB1D556BA54}.Debug|x64.ActiveCfg = Debug|Any CPU
		{E5360071-3904-4F35-9961-9EB1D556BA54}.Debug|x64.Build.0 = Debug|Any CPU
		{E5360071-3904-4F35-9961-9EB1D556BA54}.Debug|x86.ActiveCfg = Debug|Any CPU
		{E5360071-3904-4F35-9961-9EB1D556BA54}.Debug|x86.Build.0 = Debug|Any CPU
		{E5360071-3904-4F35-9961-9EB1D556BA54}.Release|Any CPU.ActiveCfg = Release|Any CPU
		{E5360071-3904-4F35-9961-9EB1D556BA54}.Release|Any CPU.Build.0 = Release|Any CPU
		{E5360071-3904-4F35-9961-9EB1D556BA54}.Release|x64.ActiveCfg = Release|Any CPU
		{E5360071-3904-4F35-9961-9EB1D556BA54}.Release|x64.Build.0 = Release|Any CPU
		{E5360071-3904-4F35-9961-9EB1D556BA54}.Release|x86.ActiveCfg = Release|Any CPU
		{E5360071-3904-4F35-9961-9EB1D556BA54}.Release|x86.Build.0 = Release|Any CPU
		{6C6CEDE8-B08B-4A62-9298-C6C5B5F07110}.Debug|Any CPU.ActiveCfg = Debug|Any CPU
		{6C6CEDE8-B08B-4A62-9298-C6C5B5F07110}.Debug|Any CPU.Build.0 = Debug|Any CPU
		{6C6CEDE8-B08B-4A62-9298-C6C5B5F07110}.Debug|x64.ActiveCfg = Debug|Any CPU
		{6C6CEDE8-B08B-4A62-9298-C6C5B5F07110}.Debug|x64.Build.0 = Debug|Any CPU
		{6C6CEDE8-B08B-4A62-9298-C6C5B5F07110}.Debug|x86.ActiveCfg = Debug|Any CPU
		{6C6CEDE8-B08B-4A62-9298-C6C5B5F07110}.Debug|x86.Build.0 = Debug|Any CPU
		{6C6CEDE8-B08B-4A62-9298-C6C5B5F07110}.Release|Any CPU.ActiveCfg = Release|Any CPU
		{6C6CEDE8-B08B-4A62-9298-C6C5B5F07110}.Release|Any CPU.Build.0 = Release|Any CPU
		{6C6CEDE8-B08B-4A62-9298-C6C5B5F07110}.Release|x64.ActiveCfg = Release|Any CPU
		{6C6CEDE8-B08B-4A62-9298-C6C5B5F07110}.Release|x64.Build.0 = Release|Any CPU
		{6C6CEDE8-B08B-4A62-9298-C6C5B5F07110}.Release|x86.ActiveCfg = Release|Any CPU
		{6C6CEDE8-B08B-4A62-9298-C6C5B5F07110}.Release|x86.Build.0 = Release|Any CPU
		{22C23189-9B73-45DE-9D3F-5AC5670E19D0}.Debug|Any CPU.ActiveCfg = Debug|Any CPU
		{22C23189-9B73-45DE-9D3F-5AC5670E19D0}.Debug|Any CPU.Build.0 = Debug|Any CPU
		{22C23189-9B73-45DE-9D3F-5AC5670E19D0}.Debug|x64.ActiveCfg = Debug|Any CPU
		{22C23189-9B73-45DE-9D3F-5AC5670E19D0}.Debug|x64.Build.0 = Debug|Any CPU
		{22C23189-9B73-45DE-9D3F-5AC5670E19D0}.Debug|x86.ActiveCfg = Debug|Any CPU
		{22C23189-9B73-45DE-9D3F-5AC5670E19D0}.Debug|x86.Build.0 = Debug|Any CPU
		{22C23189-9B73-45DE-9D3F-5AC5670E19D0}.Release|Any CPU.ActiveCfg = Release|Any CPU
		{22C23189-9B73-45DE-9D3F-5AC5670E19D0}.Release|Any CPU.Build.0 = Release|Any CPU
		{22C23189-9B73-45DE-9D3F-5AC5670E19D0}.Release|x64.ActiveCfg = Release|Any CPU
		{22C23189-9B73-45DE-9D3F-5AC5670E19D0}.Release|x64.Build.0 = Release|Any CPU
		{22C23189-9B73-45DE-9D3F-5AC5670E19D0}.Release|x86.ActiveCfg = Release|Any CPU
		{22C23189-9B73-45DE-9D3F-5AC5670E19D0}.Release|x86.Build.0 = Release|Any CPU
	EndGlobalSection
	GlobalSection(SolutionProperties) = preSolution
		HideSolutionNode = FALSE
	EndGlobalSection
	GlobalSection(NestedProjects) = preSolution
		{EAEB2367-A496-4920-9A30-195723F0AF24} = {827E0CD3-B72D-47B6-A68D-7590B98EB39B}
		{3FF51DD8-A906-4BB7-8F84-01CB17022E50} = {0AB3BF05-4346-4AA6-1389-037BE0695223}
		{2BA19161-8A5C-4D70-95C9-AB36365A0C25} = {827E0CD3-B72D-47B6-A68D-7590B98EB39B}
		{EA8E1AE7-5C1C-435D-A224-8F0360219967} = {827E0CD3-B72D-47B6-A68D-7590B98EB39B}
		{7AD6BCC4-FBC9-4BBB-B844-31DB31C13F82} = {827E0CD3-B72D-47B6-A68D-7590B98EB39B}
		{E5360071-3904-4F35-9961-9EB1D556BA54} = {0AB3BF05-4346-4AA6-1389-037BE0695223}
		{6C6CEDE8-B08B-4A62-9298-C6C5B5F07110} = {0AB3BF05-4346-4AA6-1389-037BE0695223}
		{22C23189-9B73-45DE-9D3F-5AC5670E19D0} = {0AB3BF05-4346-4AA6-1389-037BE0695223}
	EndGlobalSection
EndGlobal
